{
  "name": "projekt",
  "version": "1.0.0",
  "lockfileVersion": 1,
  "requires": true,
  "dependencies": {
    "generate-password": {
      "version": "1.5.1",
      "resolved": "https://registry.npmjs.org/generate-password/-/generate-password-1.5.1.tgz",
      "integrity": "sha512-XdsyfiF4mKoOEuzA44w9jSNav50zOurdWOV3V8DbA7SJIxR3Xm9ob14HKYTnMQOPX3ylqiJMnQF0wEa8gXZIMw=="
    },
    "jquery": {
      "version": "3.4.1",
      "resolved": "https://registry.npmjs.org/jquery/-/jquery-3.4.1.tgz",
      "integrity": "sha512-36+AdBzCL+y6qjw5Tx7HgzeGCzC81MDDgaUP8ld2zhx58HdqXGoBd+tHdrBMiyjGQs0Hxs/MLZTu/eHNJJuWPw=="
    },
    "password-strength-meter": {
      "version": "1.2.2",
      "resolved": "https://registry.npmjs.org/password-strength-meter/-/password-strength-meter-1.2.2.tgz",
      "integrity": "sha512-us4S3GPJZQGepydf/La6MUPDJYBuWdDGb/p9RUibsqHrp+0o26qhoaGRnz9Gp5m9sui4KsOep9mmBI/0RrNt+w=="
    }
  }
}
